
Microsoft Visual Studio Solution File, Format Version 12.00
# Visual Studio Version 17
VisualStudioVersion = 17.11.35222.181
MinimumVisualStudioVersion = 10.0.40219.1
Project("{9A19103F-16F7-4668-BE54-9A1E7A4F7556}") = "DemoEkz", "DemoEkz\DemoEkz.csproj", "{40E32725-2786-48DB-A9DB-34A4B359F2D3}"
EndProject
Project("{FAE04EC0-301F-11D3-BF4B-00C04F79EFBC}") = "DemoEkzApi", "DemoEkzApi\DemoEkzApi.csproj", "{2EEB86FF-DA73-47F8-A55F-66F3F54CB430}"
EndProject
Global
	GlobalSection(SolutionConfigurationPlatforms) = preSolution
		Debug|Any CPU = Debug|Any CPU
		Release|Any CPU = Release|Any CPU
	EndGlobalSection
	GlobalSection(ProjectConfigurationPlatforms) = postSolution
		{40E32725-2786-48DB-A9DB-34A4B359F2D3}.Debug|Any CPU.ActiveCfg = Debug|Any CPU
		{40E32725-2786-48DB-A9DB-34A4B359F2D3}.Debug|Any CPU.Build.0 = Debug|Any CPU
		{40E32725-2786-48DB-A9DB-34A4B359F2D3}.Release|Any CPU.ActiveCfg = Release|Any CPU
		{40E32725-2786-48DB-A9DB-34A4B359F2D3}.Release|Any CPU.Build.0 = Release|Any CPU
		{2EEB86FF-DA73-47F8-A55F-66F3F54CB430}.Debug|Any CPU.ActiveCfg = Debug|Any CPU
		{2EEB86FF-DA73-47F8-A55F-66F3F54CB430}.Debug|Any CPU.Build.0 = Debug|Any CPU
		{2EEB86FF-DA73-47F8-A55F-66F3F54CB430}.Release|Any CPU.ActiveCfg = Release|Any CPU
		{2EEB86FF-DA73-47F8-A55F-66F3F54CB430}.Release|Any CPU.Build.0 = Release|Any CPU
	EndGlobalSection
	GlobalSection(SolutionProperties) = preSolution
		HideSolutionNode = FALSE
	EndGlobalSection
	GlobalSection(ExtensibilityGlobals) = postSolution
		SolutionGuid = {ACA11FB1-6B6E-4AB8-AAEE-D36F889C4438}
	EndGlobalSection
EndGlobal
